
Microsoft Visual Studio Solution File, Format Version 12.00
# Visual Studio 2013
VisualStudioVersion = 12.0.31101.0
MinimumVisualStudioVersion = 10.0.40219.1
Project("{FAE04EC0-301F-11D3-BF4B-00C04F79EFBC}") = "Cuf.infrastructure", "Cuf.infrastructure\Cuf.infrastructure.csproj", "{3DB85463-A01D-44CE-B80A-782BAC471D8C}"
EndProject
Project("{FAE04EC0-301F-11D3-BF4B-00C04F79EFBC}") = "Cuf.Test", "Cuf.Test\Cuf.Test.csproj", "{A37C4095-DD36-403E-A103-930BB775E2A7}"
EndProject
Project("{FAE04EC0-301F-11D3-BF4B-00C04F79EFBC}") = "Cuf.Web", "Cuf.Web\Cuf.Web.csproj", "{6369F68F-F5F2-4AD5-A3C4-11D41C43C46A}"
EndProject
Project("{FAE04EC0-301F-11D3-BF4B-00C04F79EFBC}") = "Cuf.Api", "Cuf.Api\Cuf.Api.csproj", "{84DA8F92-2451-457A-B684-68B45B78A304}"
EndProject
Global
	GlobalSection(SolutionConfigurationPlatforms) = preSolution
		Debug|Any CPU = Debug|Any CPU
		Release|Any CPU = Release|Any CPU
	EndGlobalSection
	GlobalSection(ProjectConfigurationPlatforms) = postSolution
		{3DB85463-A01D-44CE-B80A-782BAC471D8C}.Debug|Any CPU.ActiveCfg = Debug|Any CPU
		{3DB85463-A01D-44CE-B80A-782BAC471D8C}.Debug|Any CPU.Build.0 = Debug|Any CPU
		{3DB85463-A01D-44CE-B80A-782BAC471D8C}.Release|Any CPU.ActiveCfg = Release|Any CPU
		{3DB85463-A01D-44CE-B80A-782BAC471D8C}.Release|Any CPU.Build.0 = Release|Any CPU
		{A37C4095-DD36-403E-A103-930BB775E2A7}.Debug|Any CPU.ActiveCfg = Debug|Any CPU
		{A37C4095-DD36-403E-A103-930BB775E2A7}.Debug|Any CPU.Build.0 = Debug|Any CPU
		{A37C4095-DD36-403E-A103-930BB775E2A7}.Release|Any CPU.ActiveCfg = Release|Any CPU
		{A37C4095-DD36-403E-A103-930BB775E2A7}.Release|Any CPU.Build.0 = Release|Any CPU
		{6369F68F-F5F2-4AD5-A3C4-11D41C43C46A}.Debug|Any CPU.ActiveCfg = Debug|Any CPU
		{6369F68F-F5F2-4AD5-A3C4-11D41C43C46A}.Debug|Any CPU.Build.0 = Debug|Any CPU
		{6369F68F-F5F2-4AD5-A3C4-11D41C43C46A}.Release|Any CPU.ActiveCfg = Release|Any CPU
		{6369F68F-F5F2-4AD5-A3C4-11D41C43C46A}.Release|Any CPU.Build.0 = Release|Any CPU
		{84DA8F92-2451-457A-B684-68B45B78A304}.Debug|Any CPU.ActiveCfg = Debug|Any CPU
		{84DA8F92-2451-457A-B684-68B45B78A304}.Debug|Any CPU.Build.0 = Debug|Any CPU
		{84DA8F92-2451-457A-B684-68B45B78A304}.Release|Any CPU.ActiveCfg = Release|Any CPU
		{84DA8F92-2451-457A-B684-68B45B78A304}.Release|Any CPU.Build.0 = Release|Any CPU
	EndGlobalSection
	GlobalSection(SolutionProperties) = preSolution
		HideSolutionNode = FALSE
	EndGlobalSection
EndGlobal
